// !$*UTF8*$!
{
	archiveVersion = 1;
	classes = {
	};
	objectVersion = 46;
	objects = {

/* Begin PBXBuildFile section */
		0732FBAD19F624FF001268EF /* CardMatchingGame.m in Sources */ = {isa = PBXBuildFile; fileRef = 0732FBAC19F624FF001268EF /* CardMatchingGame.m */; };
		07525A091A00B9C500CFF201 /* DeckTestCase.m in Sources */ = {isa = PBXBuildFile; fileRef = 07525A081A00B9C500CFF201 /* DeckTestCase.m */; };
		075917B21A75C02E007A8DE2 /* Move.m in Sources */ = {isa = PBXBuildFile; fileRef = 075917B11A75C02E007A8DE2 /* Move.m */; };
		076368921A1975870021B52F /* ViewControllerTestCase.m in Sources */ = {isa = PBXBuildFile; fileRef = 076368911A1975870021B52F /* ViewControllerTestCase.m */; };
		076369041A1AF4610021B52F /* libOCMock.a in Frameworks */ = {isa = PBXBuildFile; fileRef = 076369031A1AF4610021B52F /* libOCMock.a */; };
		076B590219F22B6700072D09 /* Card.m in Sources */ = {isa = PBXBuildFile; fileRef = 076B590119F22B6700072D09 /* Card.m */; };
		076B590519F22C4400072D09 /* PlayingCard.m in Sources */ = {isa = PBXBuildFile; fileRef = 076B590419F22C4400072D09 /* PlayingCard.m */; };
		076B590919F2350400072D09 /* Deck.m in Sources */ = {isa = PBXBuildFile; fileRef = 076B590819F2350400072D09 /* Deck.m */; };
		076B590C19F23A6800072D09 /* PlayingCardDeck.m in Sources */ = {isa = PBXBuildFile; fileRef = 076B590B19F23A6800072D09 /* PlayingCardDeck.m */; };
		079EFF841A087E1C00A29511 /* PlayingCardDeckTestCase.m in Sources */ = {isa = PBXBuildFile; fileRef = 079EFF831A087E1C00A29511 /* PlayingCardDeckTestCase.m */; };
		079EFF861A0881C900A29511 /* CardMatchingGameTestCase.m in Sources */ = {isa = PBXBuildFile; fileRef = 079EFF851A0881C900A29511 /* CardMatchingGameTestCase.m */; };
		07AD9CB319F0EA24001BEBB2 /* main.m in Sources */ = {isa = PBXBuildFile; fileRef = 07AD9CB219F0EA24001BEBB2 /* main.m */; };
		07AD9CB619F0EA24001BEBB2 /* AppDelegate.m in Sources */ = {isa = PBXBuildFile; fileRef = 07AD9CB519F0EA24001BEBB2 /* AppDelegate.m */; };
		07AD9CB919F0EA24001BEBB2 /* ViewController.m in Sources */ = {isa = PBXBuildFile; fileRef = 07AD9CB819F0EA24001BEBB2 /* ViewController.m */; };
		07AD9CBC19F0EA24001BEBB2 /* Main.storyboard in Resources */ = {isa = PBXBuildFile; fileRef = 07AD9CBA19F0EA24001BEBB2 /* Main.storyboard */; };
		07AD9CBE19F0EA24001BEBB2 /* Images.xcassets in Resources */ = {isa = PBXBuildFile; fileRef = 07AD9CBD19F0EA24001BEBB2 /* Images.xcassets */; };
		07AD9CC119F0EA24001BEBB2 /* LaunchScreen.xib in Resources */ = {isa = PBXBuildFile; fileRef = 07AD9CBF19F0EA24001BEBB2 /* LaunchScreen.xib */; };
		07B577411A22D0A500F2833D /* OCHamcrestIOS.framework in Frameworks */ = {isa = PBXBuildFile; fileRef = 07B577401A22D0A500F2833D /* OCHamcrestIOS.framework */; };
		07B577431A22D0BE00F2833D /* OCMockitoIOS.framework in Frameworks */ = {isa = PBXBuildFile; fileRef = 07B577421A22D0BE00F2833D /* OCMockitoIOS.framework */; };
		07C4ACB119FC86F7001A6712 /* PlayingCardTestCase.m in Sources */ = {isa = PBXBuildFile; fileRef = 07C4ACB019FC86F7001A6712 /* PlayingCardTestCase.m */; };
		07C4ACB319FDC367001A6712 /* CardTestCase.m in Sources */ = {isa = PBXBuildFile; fileRef = 07C4ACB219FDC367001A6712 /* CardTestCase.m */; };
/* End PBXBuildFile section */

/* Begin PBXContainerItemProxy section */
		07AD9CC719F0EA24001BEBB2 /* PBXContainerItemProxy */ = {
			isa = PBXContainerItemProxy;
			containerPortal = 07AD9CA519F0EA24001BEBB2 /* Project object */;
			proxyType = 1;
			remoteGlobalIDString = 07AD9CAC19F0EA24001BEBB2;
			remoteInfo = Matchismo;
		};
/* End PBXContainerItemProxy section */

/* Begin PBXFileReference section */
		0732FBAB19F624FF001268EF /* CardMatchingGame.h */ = {isa = PBXFileReference; fileEncoding = 4; lastKnownFileType = sourcecode.c.h; path = CardMatchingGame.h; sourceTree = "<group>"; };
		0732FBAC19F624FF001268EF /* CardMatchingGame.m */ = {isa = PBXFileReference; fileEncoding = 4; lastKnownFileType = sourcecode.c.objc; path = CardMatchingGame.m; sourceTree = "<group>"; };
		07525A081A00B9C500CFF201 /* DeckTestCase.m */ = {isa = PBXFileReference; fileEncoding = 4; lastKnownFileType = sourcecode.c.objc; path = DeckTestCase.m; sourceTree = "<group>"; };
		075917B01A75C02E007A8DE2 /* Move.h */ = {isa = PBXFileReference; fileEncoding = 4; lastKnownFileType = sourcecode.c.h; path = Move.h; sourceTree = "<group>"; };
		075917B11A75C02E007A8DE2 /* Move.m */ = {isa = PBXFileReference; fileEncoding = 4; lastKnownFileType = sourcecode.c.objc; path = Move.m; sourceTree = "<group>"; };
		076368911A1975870021B52F /* ViewControllerTestCase.m */ = {isa = PBXFileReference; fileEncoding = 4; lastKnownFileType = sourcecode.c.objc; path = ViewControllerTestCase.m; sourceTree = "<group>"; };
		076369031A1AF4610021B52F /* libOCMock.a */ = {isa = PBXFileReference; lastKnownFileType = archive.ar; name = libOCMock.a; path = usr/lib/libOCMock.a; sourceTree = "<group>"; };
		076B590019F22B6700072D09 /* Card.h */ = {isa = PBXFileReference; fileEncoding = 4; lastKnownFileType = sourcecode.c.h; path = Card.h; sourceTree = "<group>"; };
		076B590119F22B6700072D09 /* Card.m */ = {isa = PBXFileReference; fileEncoding = 4; lastKnownFileType = sourcecode.c.objc; path = Card.m; sourceTree = "<group>"; };
		076B590319F22C4400072D09 /* PlayingCard.h */ = {isa = PBXFileReference; fileEncoding = 4; lastKnownFileType = sourcecode.c.h; path = PlayingCard.h; sourceTree = "<group>"; };
		076B590419F22C4400072D09 /* PlayingCard.m */ = {isa = PBXFileReference; fileEncoding = 4; lastKnownFileType = sourcecode.c.objc; path = PlayingCard.m; sourceTree = "<group>"; };
		076B590719F2350400072D09 /* Deck.h */ = {isa = PBXFileReference; fileEncoding = 4; lastKnownFileType = sourcecode.c.h; path = Deck.h; sourceTree = "<group>"; };
		076B590819F2350400072D09 /* Deck.m */ = {isa = PBXFileReference; fileEncoding = 4; lastKnownFileType = sourcecode.c.objc; path = Deck.m; sourceTree = "<group>"; };
		076B590A19F23A6800072D09 /* PlayingCardDeck.h */ = {isa = PBXFileReference; fileEncoding = 4; lastKnownFileType = sourcecode.c.h; path = PlayingCardDeck.h; sourceTree = "<group>"; };
		076B590B19F23A6800072D09 /* PlayingCardDeck.m */ = {isa = PBXFileReference; fileEncoding = 4; lastKnownFileType = sourcecode.c.objc; path = PlayingCardDeck.m; sourceTree = "<group>"; };
		079EFF831A087E1C00A29511 /* PlayingCardDeckTestCase.m */ = {isa = PBXFileReference; fileEncoding = 4; lastKnownFileType = sourcecode.c.objc; path = PlayingCardDeckTestCase.m; sourceTree = "<group>"; };
		079EFF851A0881C900A29511 /* CardMatchingGameTestCase.m */ = {isa = PBXFileReference; fileEncoding = 4; lastKnownFileType = sourcecode.c.objc; path = CardMatchingGameTestCase.m; sourceTree = "<group>"; };
		07AD9CAD19F0EA24001BEBB2 /* Matchismo.app */ = {isa = PBXFileReference; explicitFileType = wrapper.application; includeInIndex = 0; path = Matchismo.app; sourceTree = BUILT_PRODUCTS_DIR; };
		07AD9CB119F0EA24001BEBB2 /* Info.plist */ = {isa = PBXFileReference; lastKnownFileType = text.plist.xml; path = Info.plist; sourceTree = "<group>"; };
		07AD9CB219F0EA24001BEBB2 /* main.m */ = {isa = PBXFileReference; lastKnownFileType = sourcecode.c.objc; path = main.m; sourceTree = "<group>"; };
		07AD9CB419F0EA24001BEBB2 /* AppDelegate.h */ = {isa = PBXFileReference; lastKnownFileType = sourcecode.c.h; path = AppDelegate.h; sourceTree = "<group>"; };
		07AD9CB519F0EA24001BEBB2 /* AppDelegate.m */ = {isa = PBXFileReference; lastKnownFileType = sourcecode.c.objc; path = AppDelegate.m; sourceTree = "<group>"; };
		07AD9CB719F0EA24001BEBB2 /* ViewController.h */ = {isa = PBXFileReference; lastKnownFileType = sourcecode.c.h; path = ViewController.h; sourceTree = "<group>"; };
		07AD9CB819F0EA24001BEBB2 /* ViewController.m */ = {isa = PBXFileReference; lastKnownFileType = sourcecode.c.objc; path = ViewController.m; sourceTree = "<group>"; };
		07AD9CBB19F0EA24001BEBB2 /* Base */ = {isa = PBXFileReference; lastKnownFileType = file.storyboard; name = Base; path = Base.lproj/Main.storyboard; sourceTree = "<group>"; };
		07AD9CBD19F0EA24001BEBB2 /* Images.xcassets */ = {isa = PBXFileReference; lastKnownFileType = folder.assetcatalog; path = Images.xcassets; sourceTree = "<group>"; };
		07AD9CC019F0EA24001BEBB2 /* Base */ = {isa = PBXFileReference; lastKnownFileType = file.xib; name = Base; path = Base.lproj/LaunchScreen.xib; sourceTree = "<group>"; };
		07AD9CC619F0EA24001BEBB2 /* MatchismoTests.xctest */ = {isa = PBXFileReference; explicitFileType = wrapper.cfbundle; includeInIndex = 0; path = MatchismoTests.xctest; sourceTree = BUILT_PRODUCTS_DIR; };
		07AD9CCB19F0EA24001BEBB2 /* Info.plist */ = {isa = PBXFileReference; lastKnownFileType = text.plist.xml; path = Info.plist; sourceTree = "<group>"; };
		07B577401A22D0A500F2833D /* OCHamcrestIOS.framework */ = {isa = PBXFileReference; lastKnownFileType = wrapper.framework; path = OCHamcrestIOS.framework; sourceTree = "<group>"; };
		07B577421A22D0BE00F2833D /* OCMockitoIOS.framework */ = {isa = PBXFileReference; lastKnownFileType = wrapper.framework; path = OCMockitoIOS.framework; sourceTree = "<group>"; };
		07C4ACB019FC86F7001A6712 /* PlayingCardTestCase.m */ = {isa = PBXFileReference; fileEncoding = 4; lastKnownFileType = sourcecode.c.objc; path = PlayingCardTestCase.m; sourceTree = "<group>"; };
		07C4ACB219FDC367001A6712 /* CardTestCase.m */ = {isa = PBXFileReference; fileEncoding = 4; lastKnownFileType = sourcecode.c.objc; path = CardTestCase.m; sourceTree = "<group>"; };
/* End PBXFileReference section */

/* Begin PBXFrameworksBuildPhase section */
		07AD9CAA19F0EA24001BEBB2 /* Frameworks */ = {
			isa = PBXFrameworksBuildPhase;
			buildActionMask = 2147483647;
			files = (
			);
			runOnlyForDeploymentPostprocessing = 0;
		};
		07AD9CC319F0EA24001BEBB2 /* Frameworks */ = {
			isa = PBXFrameworksBuildPhase;
			buildActionMask = 2147483647;
			files = (
				076369041A1AF4610021B52F /* libOCMock.a in Frameworks */,
				07B577411A22D0A500F2833D /* OCHamcrestIOS.framework in Frameworks */,
				07B577431A22D0BE00F2833D /* OCMockitoIOS.framework in Frameworks */,
			);
			runOnlyForDeploymentPostprocessing = 0;
		};
/* End PBXFrameworksBuildPhase section */

/* Begin PBXGroup section */
		07AD9CA419F0EA24001BEBB2 = {
			isa = PBXGroup;
			children = (
				07B577421A22D0BE00F2833D /* OCMockitoIOS.framework */,
				07B577401A22D0A500F2833D /* OCHamcrestIOS.framework */,
				076369031A1AF4610021B52F /* libOCMock.a */,
				07AD9CAF19F0EA24001BEBB2 /* Matchismo */,
				07AD9CC919F0EA24001BEBB2 /* MatchismoTests */,
				07AD9CAE19F0EA24001BEBB2 /* Products */,
			);
			sourceTree = "<group>";
		};
		07AD9CAE19F0EA24001BEBB2 /* Products */ = {
			isa = PBXGroup;
			children = (
				07AD9CAD19F0EA24001BEBB2 /* Matchismo.app */,
				07AD9CC619F0EA24001BEBB2 /* MatchismoTests.xctest */,
			);
			name = Products;
			sourceTree = "<group>";
		};
		07AD9CAF19F0EA24001BEBB2 /* Matchismo */ = {
			isa = PBXGroup;
			children = (
				07AD9CD619F0EA4F001BEBB2 /* Model */,
				07AD9CB419F0EA24001BEBB2 /* AppDelegate.h */,
				07AD9CB519F0EA24001BEBB2 /* AppDelegate.m */,
				07AD9CB719F0EA24001BEBB2 /* ViewController.h */,
				07AD9CB819F0EA24001BEBB2 /* ViewController.m */,
				07AD9CBA19F0EA24001BEBB2 /* Main.storyboard */,
				07AD9CBD19F0EA24001BEBB2 /* Images.xcassets */,
				07AD9CBF19F0EA24001BEBB2 /* LaunchScreen.xib */,
				07AD9CB019F0EA24001BEBB2 /* Supporting Files */,
			);
			path = Matchismo;
			sourceTree = "<group>";
		};
		07AD9CB019F0EA24001BEBB2 /* Supporting Files */ = {
			isa = PBXGroup;
			children = (
				07AD9CB119F0EA24001BEBB2 /* Info.plist */,
				07AD9CB219F0EA24001BEBB2 /* main.m */,
			);
			name = "Supporting Files";
			sourceTree = "<group>";
		};
		07AD9CC919F0EA24001BEBB2 /* MatchismoTests */ = {
			isa = PBXGroup;
			children = (
				07AD9CCA19F0EA24001BEBB2 /* Supporting Files */,
				07C4ACB019FC86F7001A6712 /* PlayingCardTestCase.m */,
				07C4ACB219FDC367001A6712 /* CardTestCase.m */,
				07525A081A00B9C500CFF201 /* DeckTestCase.m */,
				079EFF831A087E1C00A29511 /* PlayingCardDeckTestCase.m */,
				079EFF851A0881C900A29511 /* CardMatchingGameTestCase.m */,
				076368911A1975870021B52F /* ViewControllerTestCase.m */,
			);
			path = MatchismoTests;
			sourceTree = "<group>";
		};
		07AD9CCA19F0EA24001BEBB2 /* Supporting Files */ = {
			isa = PBXGroup;
			children = (
				07AD9CCB19F0EA24001BEBB2 /* Info.plist */,
			);
			name = "Supporting Files";
			sourceTree = "<group>";
		};
		07AD9CD619F0EA4F001BEBB2 /* Model */ = {
			isa = PBXGroup;
			children = (
				076B590019F22B6700072D09 /* Card.h */,
				076B590119F22B6700072D09 /* Card.m */,
				076B590319F22C4400072D09 /* PlayingCard.h */,
				076B590419F22C4400072D09 /* PlayingCard.m */,
				076B590719F2350400072D09 /* Deck.h */,
				076B590819F2350400072D09 /* Deck.m */,
				076B590A19F23A6800072D09 /* PlayingCardDeck.h */,
				076B590B19F23A6800072D09 /* PlayingCardDeck.m */,
				0732FBAB19F624FF001268EF /* CardMatchingGame.h */,
				0732FBAC19F624FF001268EF /* CardMatchingGame.m */,
				075917B01A75C02E007A8DE2 /* Move.h */,
				075917B11A75C02E007A8DE2 /* Move.m */,
			);
			name = Model;
			sourceTree = "<group>";
		};
/* End PBXGroup section */

/* Begin PBXNativeTarget section */
		07AD9CAC19F0EA24001BEBB2 /* Matchismo */ = {
			isa = PBXNativeTarget;
			buildConfigurationList = 07AD9CD019F0EA24001BEBB2 /* Build configuration list for PBXNativeTarget "Matchismo" */;
			buildPhases = (
				07AD9CA919F0EA24001BEBB2 /* Sources */,
				07AD9CAA19F0EA24001BEBB2 /* Frameworks */,
				07AD9CAB19F0EA24001BEBB2 /* Resources */,
			);
			buildRules = (
			);
			dependencies = (
			);
			name = Matchismo;
			productName = Matchismo;
			productReference = 07AD9CAD19F0EA24001BEBB2 /* Matchismo.app */;
			productType = "com.apple.product-type.application";
		};
		07AD9CC519F0EA24001BEBB2 /* MatchismoTests */ = {
			isa = PBXNativeTarget;
			buildConfigurationList = 07AD9CD319F0EA24001BEBB2 /* Build configuration list for PBXNativeTarget "MatchismoTests" */;
			buildPhases = (
				07AD9CC219F0EA24001BEBB2 /* Sources */,
				07AD9CC319F0EA24001BEBB2 /* Frameworks */,
				07AD9CC419F0EA24001BEBB2 /* Resources */,
			);
			buildRules = (
			);
			dependencies = (
				07AD9CC819F0EA24001BEBB2 /* PBXTargetDependency */,
			);
			name = MatchismoTests;
			productName = MatchismoTests;
			productReference = 07AD9CC619F0EA24001BEBB2 /* MatchismoTests.xctest */;
			productType = "com.apple.product-type.bundle.unit-test";
		};
/* End PBXNativeTarget section */

/* Begin PBXProject section */
		07AD9CA519F0EA24001BEBB2 /* Project object */ = {
			isa = PBXProject;
			attributes = {
				LastUpgradeCheck = 0600;
				ORGANIZATIONNAME = "Carlos Macasaet";
				TargetAttributes = {
					07AD9CAC19F0EA24001BEBB2 = {
						CreatedOnToolsVersion = 6.0.1;
						DevelopmentTeam = WXS6X3U4UE;
					};
					07AD9CC519F0EA24001BEBB2 = {
						CreatedOnToolsVersion = 6.0.1;
						TestTargetID = 07AD9CAC19F0EA24001BEBB2;
					};
				};
			};
			buildConfigurationList = 07AD9CA819F0EA24001BEBB2 /* Build configuration list for PBXProject "Matchismo" */;
			compatibilityVersion = "Xcode 3.2";
			developmentRegion = English;
			hasScannedForEncodings = 0;
			knownRegions = (
				en,
				Base,
			);
			mainGroup = 07AD9CA419F0EA24001BEBB2;
			productRefGroup = 07AD9CAE19F0EA24001BEBB2 /* Products */;
			projectDirPath = "";
			projectRoot = "";
			targets = (
				07AD9CAC19F0EA24001BEBB2 /* Matchismo */,
				07AD9CC519F0EA24001BEBB2 /* MatchismoTests */,
			);
		};
/* End PBXProject section */

/* Begin PBXResourcesBuildPhase section */
		07AD9CAB19F0EA24001BEBB2 /* Resources */ = {
			isa = PBXResourcesBuildPhase;
			buildActionMask = 2147483647;
			files = (
				07AD9CBC19F0EA24001BEBB2 /* Main.storyboard in Resources */,
				07AD9CC119F0EA24001BEBB2 /* LaunchScreen.xib in Resources */,
				07AD9CBE19F0EA24001BEBB2 /* Images.xcassets in Resources */,
			);
			runOnlyForDeploymentPostprocessing = 0;
		};
		07AD9CC419F0EA24001BEBB2 /* Resources */ = {
			isa = PBXResourcesBuildPhase;
			buildActionMask = 2147483647;
			files = (
			);
			runOnlyForDeploymentPostprocessing = 0;
		};
/* End PBXResourcesBuildPhase section */

/* Begin PBXSourcesBuildPhase section */
		07AD9CA919F0EA24001BEBB2 /* Sources */ = {
			isa = PBXSourcesBuildPhase;
			buildActionMask = 2147483647;
			files = (
				07AD9CB919F0EA24001BEBB2 /* ViewController.m in Sources */,
				075917B21A75C02E007A8DE2 /* Move.m in Sources */,
				07AD9CB619F0EA24001BEBB2 /* AppDelegate.m in Sources */,
				07AD9CB319F0EA24001BEBB2 /* main.m in Sources */,
				076B590519F22C4400072D09 /* PlayingCard.m in Sources */,
				0732FBAD19F624FF001268EF /* CardMatchingGame.m in Sources */,
				076B590C19F23A6800072D09 /* PlayingCardDeck.m in Sources */,
				076B590919F2350400072D09 /* Deck.m in Sources */,
				076B590219F22B6700072D09 /* Card.m in Sources */,
			);
			runOnlyForDeploymentPostprocessing = 0;
		};
		07AD9CC219F0EA24001BEBB2 /* Sources */ = {
			isa = PBXSourcesBuildPhase;
			buildActionMask = 2147483647;
			files = (
				079EFF861A0881C900A29511 /* CardMatchingGameTestCase.m in Sources */,
				076368921A1975870021B52F /* ViewControllerTestCase.m in Sources */,
				07525A091A00B9C500CFF201 /* DeckTestCase.m in Sources */,
				07C4ACB319FDC367001A6712 /* CardTestCase.m in Sources */,
				07C4ACB119FC86F7001A6712 /* PlayingCardTestCase.m in Sources */,
				079EFF841A087E1C00A29511 /* PlayingCardDeckTestCase.m in Sources */,
			);
			runOnlyForDeploymentPostprocessing = 0;
		};
/* End PBXSourcesBuildPhase section */

/* Begin PBXTargetDependency section */
		07AD9CC819F0EA24001BEBB2 /* PBXTargetDependency */ = {
			isa = PBXTargetDependency;
			target = 07AD9CAC19F0EA24001BEBB2 /* Matchismo */;
			targetProxy = 07AD9CC719F0EA24001BEBB2 /* PBXContainerItemProxy */;
		};
/* End PBXTargetDependency section */

/* Begin PBXVariantGroup section */
		07AD9CBA19F0EA24001BEBB2 /* Main.storyboard */ = {
			isa = PBXVariantGroup;
			children = (
				07AD9CBB19F0EA24001BEBB2 /* Base */,
			);
			name = Main.storyboard;
			sourceTree = "<group>";
		};
		07AD9CBF19F0EA24001BEBB2 /* LaunchScreen.xib */ = {
			isa = PBXVariantGroup;
			children = (
				07AD9CC019F0EA24001BEBB2 /* Base */,
			);
			name = LaunchScreen.xib;
			sourceTree = "<group>";
		};
/* End PBXVariantGroup section */

/* Begin XCBuildConfiguration section */
		07AD9CCE19F0EA24001BEBB2 /* Debug */ = {
			isa = XCBuildConfiguration;
			buildSettings = {
				ALWAYS_SEARCH_USER_PATHS = NO;
				CLANG_CXX_LANGUAGE_STANDARD = "gnu++0x";
				CLANG_CXX_LIBRARY = "libc++";
				CLANG_ENABLE_MODULES = YES;
				CLANG_ENABLE_OBJC_ARC = YES;
				CLANG_WARN_BOOL_CONVERSION = YES;
				CLANG_WARN_CONSTANT_CONVERSION = YES;
				CLANG_WARN_DIRECT_OBJC_ISA_USAGE = YES_ERROR;
				CLANG_WARN_EMPTY_BODY = YES;
				CLANG_WARN_ENUM_CONVERSION = YES;
				CLANG_WARN_INT_CONVERSION = YES;
				CLANG_WARN_OBJC_ROOT_CLASS = YES_ERROR;
				CLANG_WARN_UNREACHABLE_CODE = YES;
				CLANG_WARN__DUPLICATE_METHOD_MATCH = YES;
				"CODE_SIGN_IDENTITY[sdk=iphoneos*]" = "iPhone Developer";
				COPY_PHASE_STRIP = NO;
				ENABLE_STRICT_OBJC_MSGSEND = YES;
				GCC_C_LANGUAGE_STANDARD = gnu99;
				GCC_DYNAMIC_NO_PIC = NO;
				GCC_OPTIMIZATION_LEVEL = 0;
				GCC_PREPROCESSOR_DEFINITIONS = (
					"DEBUG=1",
					"$(inherited)",
				);
				GCC_SYMBOLS_PRIVATE_EXTERN = NO;
				GCC_WARN_64_TO_32_BIT_CONVERSION = YES;
				GCC_WARN_ABOUT_RETURN_TYPE = YES_ERROR;
				GCC_WARN_UNDECLARED_SELECTOR = YES;
				GCC_WARN_UNINITIALIZED_AUTOS = YES_AGGRESSIVE;
				GCC_WARN_UNUSED_FUNCTION = YES;
				GCC_WARN_UNUSED_VARIABLE = YES;
				IPHONEOS_DEPLOYMENT_TARGET = 8.0;
				MTL_ENABLE_DEBUG_INFO = YES;
				ONLY_ACTIVE_ARCH = YES;
				SDKROOT = iphoneos;
			};
			name = Debug;
		};
		07AD9CCF19F0EA24001BEBB2 /* Release */ = {
			isa = XCBuildConfiguration;
			buildSettings = {
				ALWAYS_SEARCH_USER_PATHS = NO;
				CLANG_CXX_LANGUAGE_STANDARD = "gnu++0x";
				CLANG_CXX_LIBRARY = "libc++";
				CLANG_ENABLE_MODULES = YES;
				CLANG_ENABLE_OBJC_ARC = YES;
				CLANG_WARN_BOOL_CONVERSION = YES;
				CLANG_WARN_CONSTANT_CONVERSION = YES;
				CLANG_WARN_DIRECT_OBJC_ISA_USAGE = YES_ERROR;
				CLANG_WARN_EMPTY_BODY = YES;
				CLANG_WARN_ENUM_CONVERSION = YES;
				CLANG_WARN_INT_CONVERSION = YES;
				CLANG_WARN_OBJC_ROOT_CLASS = YES_ERROR;
				CLANG_WARN_UNREACHABLE_CODE = YES;
				CLANG_WARN__DUPLICATE_METHOD_MATCH = YES;
				"CODE_SIGN_IDENTITY[sdk=iphoneos*]" = "iPhone Developer";
				COPY_PHASE_STRIP = YES;
				ENABLE_NS_ASSERTIONS = NO;
				ENABLE_STRICT_OBJC_MSGSEND = YES;
				GCC_C_LANGUAGE_STANDARD = gnu99;
				GCC_WARN_64_TO_32_BIT_CONVERSION = YES;
				GCC_WARN_ABOUT_RETURN_TYPE = YES_ERROR;
				GCC_WARN_UNDECLARED_SELECTOR = YES;
				GCC_WARN_UNINITIALIZED_AUTOS = YES_AGGRESSIVE;
				GCC_WARN_UNUSED_FUNCTION = YES;
				GCC_WARN_UNUSED_VARIABLE = YES;
				IPHONEOS_DEPLOYMENT_TARGET = 8.0;
				MTL_ENABLE_DEBUG_INFO = NO;
				SDKROOT = iphoneos;
				VALIDATE_PRODUCT = YES;
			};
			name = Release;
		};
		07AD9CD119F0EA24001BEBB2 /* Debug */ = {
			isa = XCBuildConfiguration;
			buildSettings = {
				ASSETCATALOG_COMPILER_APPICON_NAME = AppIcon;
				CODE_SIGN_IDENTITY = "iPhone Developer";
				INFOPLIST_FILE = Matchismo/Info.plist;
				LD_RUNPATH_SEARCH_PATHS = "$(inherited) @executable_path/Frameworks";
				PRODUCT_NAME = "$(TARGET_NAME)";
				TARGETED_DEVICE_FAMILY = 1;
			};
			name = Debug;
		};
		07AD9CD219F0EA24001BEBB2 /* Release */ = {
			isa = XCBuildConfiguration;
			buildSettings = {
				ASSETCATALOG_COMPILER_APPICON_NAME = AppIcon;
				CODE_SIGN_IDENTITY = "iPhone Developer";
				INFOPLIST_FILE = Matchismo/Info.plist;
				LD_RUNPATH_SEARCH_PATHS = "$(inherited) @executable_path/Frameworks";
				PRODUCT_NAME = "$(TARGET_NAME)";
				TARGETED_DEVICE_FAMILY = 1;
			};
			name = Release;
		};
		07AD9CD419F0EA24001BEBB2 /* Debug */ = {
			isa = XCBuildConfiguration;
			buildSettings = {
				BUNDLE_LOADER = "$(TEST_HOST)";
				FRAMEWORK_SEARCH_PATHS = (
					"$(SDKROOT)/Developer/Library/Frameworks",
					"$(inherited)",
					"$(PROJECT_DIR)",
				);
				"FRAMEWORK_SEARCH_PATHS[arch=*]" = (
					"$(SDKROOT)/Developer/Library/Frameworks",
					"$(inherited)",
				);
				GCC_PREPROCESSOR_DEFINITIONS = (
					"DEBUG=1",
					"$(inherited)",
				);
				HEADER_SEARCH_PATHS = (
					"$(inherited)",
					/Applications/Xcode.app/Contents/Developer/Toolchains/XcodeDefault.xctoolchain/usr/include,
					"$(PROJECT_DIR)/usr/include",
				);
				INFOPLIST_FILE = MatchismoTests/Info.plist;
				LD_RUNPATH_SEARCH_PATHS = "$(inherited) @executable_path/Frameworks @loader_path/Frameworks";
				LIBRARY_SEARCH_PATHS = (
					"$(inherited)",
					"$(PROJECT_DIR)",
					"$(PROJECT_DIR)/usr/lib",
				);
				OTHER_LDFLAGS = (
					"$(inherited)",
					"-framework",
					XCTest,
					"-ObjC",
				);
				PRODUCT_NAME = "$(TARGET_NAME)";
				TEST_HOST = "$(BUILT_PRODUCTS_DIR)/Matchismo.app/Matchismo";
			};
			name = Debug;
		};
		07AD9CD519F0EA24001BEBB2 /* Release */ = {
			isa = XCBuildConfiguration;
			buildSettings = {
				BUNDLE_LOADER = "$(TEST_HOST)";
				FRAMEWORK_SEARCH_PATHS = (
					"$(SDKROOT)/Developer/Library/Frameworks",
					"$(inherited)",
					"$(PROJECT_DIR)",
				);
				"FRAMEWORK_SEARCH_PATHS[arch=*]" = (
					"$(SDKROOT)/Developer/Library/Frameworks",
					"$(inherited)",
				);
				HEADER_SEARCH_PATHS = (
					"$(inherited)",
					/Applications/Xcode.app/Contents/Developer/Toolchains/XcodeDefault.xctoolchain/usr/include,
					"$(PROJECT_DIR)/usr/include",
				);
				INFOPLIST_FILE = MatchismoTests/Info.plist;
				LD_RUNPATH_SEARCH_PATHS = "$(inherited) @executable_path/Frameworks @loader_path/Frameworks";
				LIBRARY_SEARCH_PATHS = (
					"$(inherited)",
					"$(PROJECT_DIR)",
					"$(PROJECT_DIR)/usr/lib",
				);
				OTHER_LDFLAGS = (
					"$(inherited)",
					"-framework",
					XCTest,
					"-ObjC",
				);
				PRODUCT_NAME = "$(TARGET_NAME)";
				TEST_HOST = "$(BUILT_PRODUCTS_DIR)/Matchismo.app/Matchismo";
			};
			name = Release;
		};
/* End XCBuildConfiguration section */

/* Begin XCConfigurationList section */
		07AD9CA819F0EA24001BEBB2 /* Build configuration list for PBXProject "Matchismo" */ = {
			isa = XCConfigurationList;
			buildConfigurations = (
				07AD9CCE19F0EA24001BEBB2 /* Debug */,
				07AD9CCF19F0EA24001BEBB2 /* Release */,
			);
			defaultConfigurationIsVisible = 0;
			defaultConfigurationName = Release;
		};
		07AD9CD019F0EA24001BEBB2 /* Build configuration list for PBXNativeTarget "Matchismo" */ = {
			isa = XCConfigurationList;
			buildConfigurations = (
				07AD9CD119F0EA24001BEBB2 /* Debug */,
				07AD9CD219F0EA24001BEBB2 /* Release */,
			);
			defaultConfigurationIsVisible = 0;
			defaultConfigurationName = Release;
		};
		07AD9CD319F0EA24001BEBB2 /* Build configuration list for PBXNativeTarget "MatchismoTests" */ = {
			isa = XCConfigurationList;
			buildConfigurations = (
				07AD9CD419F0EA24001BEBB2 /* Debug */,
				07AD9CD519F0EA24001BEBB2 /* Release */,
			);
			defaultConfigurationIsVisible = 0;
			defaultConfigurationName = Release;
		};
/* End XCConfigurationList section */
	};
	rootObject = 07AD9CA519F0EA24001BEBB2 /* Project object */;
}
